
Microsoft Visual Studio Solution File, Format Version 12.00
# Visual Studio Version 17
VisualStudioVersion = 17.9.34622.214
MinimumVisualStudioVersion = 10.0.40219.1
Project("{2150E333-8FDC-42A3-9474-1A3956D46DE8}") = "Services", "Services", "{B49A561C-73BB-4FE4-98A4-2AA6BE058DEB}"
EndProject
Project("{2150E333-8FDC-42A3-9474-1A3956D46DE8}") = "Administration", "Administration", "{1848F835-C5E4-40DF-A840-38CE4C518813}"
EndProject
Project("{2150E333-8FDC-42A3-9474-1A3956D46DE8}") = "Navigation", "Navigation", "{2DAF3FFC-3384-408F-BBF6-E72DDC811E15}"
EndProject
Project("{9A19103F-16F7-4668-BE54-9A1E7A4F7556}") = "Administration.Api", "Services\Administration\Administration.Api\Administration.Api.csproj", "{6BE95F48-F362-4DEE-B390-37E6E3830FEC}"
EndProject
Project("{2150E333-8FDC-42A3-9474-1A3956D46DE8}") = "BuildingBlocks", "BuildingBlocks", "{1F663CA6-3970-4075-B315-7FC66DBADBBB}"
EndProject
Project("{2150E333-8FDC-42A3-9474-1A3956D46DE8}") = "ApiGateways", "ApiGateways", "{973CAED5-337D-4D2F-86F4-D77C9EF36F14}"
EndProject
Project("{9A19103F-16F7-4668-BE54-9A1E7A4F7556}") = "BuildingBlocks", "BuildingBlocks\BuildingBlocks\BuildingBlocks.csproj", "{10C4A2BE-BEFE-4568-BBB2-D52BD7BFD704}"
EndProject
Project("{9A19103F-16F7-4668-BE54-9A1E7A4F7556}") = "BuildingBlocks.Messaging", "BuildingBlocks\BuildingBlocks.Messaging\BuildingBlocks.Messaging.csproj", "{A2C2D9E0-B85F-4223-BE0E-537E574699AB}"
EndProject
Project("{9A19103F-16F7-4668-BE54-9A1E7A4F7556}") = "Navigation.Api", "Services\Navigation\Navigation.Api\Navigation.Api.csproj", "{DCB5B81E-1F14-49F4-8D00-1BBDE5E59A6B}"
EndProject
Project("{9A19103F-16F7-4668-BE54-9A1E7A4F7556}") = "Navigation.Domain", "Services\Navigation\Navigation.Domain\Navigation.Domain.csproj", "{326B692A-3C3E-45ED-A67A-3286D542E76E}"
EndProject
Project("{9A19103F-16F7-4668-BE54-9A1E7A4F7556}") = "Navigation.Infrastructure", "Services\Navigation\Navigation.Infrastructure\Navigation.Infrastructure.csproj", "{8D907202-9A39-42C2-AD06-011F3F2D977D}"
EndProject
Project("{9A19103F-16F7-4668-BE54-9A1E7A4F7556}") = "Navigation.Application", "Services\Navigation\Navigation.Application\Navigation.Application.csproj", "{1FFFCC24-1637-4416-9078-CD22D443D7E2}"
EndProject
Project("{E53339B2-1760-4266-BCC7-CA923CBCF16C}") = "docker-compose", "docker-compose.dcproj", "{3E5F3542-78AE-4F6D-BF61-6E46F70D1939}"
EndProject
Global
	GlobalSection(SolutionConfigurationPlatforms) = preSolution
		Debug|Any CPU = Debug|Any CPU
		Release|Any CPU = Release|Any CPU
	EndGlobalSection
	GlobalSection(ProjectConfigurationPlatforms) = postSolution
		{6BE95F48-F362-4DEE-B390-37E6E3830FEC}.Debug|Any CPU.ActiveCfg = Debug|Any CPU
		{6BE95F48-F362-4DEE-B390-37E6E3830FEC}.Debug|Any CPU.Build.0 = Debug|Any CPU
		{6BE95F48-F362-4DEE-B390-37E6E3830FEC}.Release|Any CPU.ActiveCfg = Release|Any CPU
		{6BE95F48-F362-4DEE-B390-37E6E3830FEC}.Release|Any CPU.Build.0 = Release|Any CPU
		{10C4A2BE-BEFE-4568-BBB2-D52BD7BFD704}.Debug|Any CPU.ActiveCfg = Debug|Any CPU
		{10C4A2BE-BEFE-4568-BBB2-D52BD7BFD704}.Debug|Any CPU.Build.0 = Debug|Any CPU
		{10C4A2BE-BEFE-4568-BBB2-D52BD7BFD704}.Release|Any CPU.ActiveCfg = Release|Any CPU
		{10C4A2BE-BEFE-4568-BBB2-D52BD7BFD704}.Release|Any CPU.Build.0 = Release|Any CPU
		{A2C2D9E0-B85F-4223-BE0E-537E574699AB}.Debug|Any CPU.ActiveCfg = Debug|Any CPU
		{A2C2D9E0-B85F-4223-BE0E-537E574699AB}.Debug|Any CPU.Build.0 = Debug|Any CPU
		{A2C2D9E0-B85F-4223-BE0E-537E574699AB}.Release|Any CPU.ActiveCfg = Release|Any CPU
		{A2C2D9E0-B85F-4223-BE0E-537E574699AB}.Release|Any CPU.Build.0 = Release|Any CPU
		{DCB5B81E-1F14-49F4-8D00-1BBDE5E59A6B}.Debug|Any CPU.ActiveCfg = Debug|Any CPU
		{DCB5B81E-1F14-49F4-8D00-1BBDE5E59A6B}.Debug|Any CPU.Build.0 = Debug|Any CPU
		{DCB5B81E-1F14-49F4-8D00-1BBDE5E59A6B}.Release|Any CPU.ActiveCfg = Release|Any CPU
		{DCB5B81E-1F14-49F4-8D00-1BBDE5E59A6B}.Release|Any CPU.Build.0 = Release|Any CPU
		{326B692A-3C3E-45ED-A67A-3286D542E76E}.Debug|Any CPU.ActiveCfg = Debug|Any CPU
		{326B692A-3C3E-45ED-A67A-3286D542E76E}.Debug|Any CPU.Build.0 = Debug|Any CPU
		{326B692A-3C3E-45ED-A67A-3286D542E76E}.Release|Any CPU.ActiveCfg = Release|Any CPU
		{326B692A-3C3E-45ED-A67A-3286D542E76E}.Release|Any CPU.Build.0 = Release|Any CPU
		{8D907202-9A39-42C2-AD06-011F3F2D977D}.Debug|Any CPU.ActiveCfg = Debug|Any CPU
		{8D907202-9A39-42C2-AD06-011F3F2D977D}.Debug|Any CPU.Build.0 = Debug|Any CPU
		{8D907202-9A39-42C2-AD06-011F3F2D977D}.Release|Any CPU.ActiveCfg = Release|Any CPU
		{8D907202-9A39-42C2-AD06-011F3F2D977D}.Release|Any CPU.Build.0 = Release|Any CPU
		{1FFFCC24-1637-4416-9078-CD22D443D7E2}.Debug|Any CPU.ActiveCfg = Debug|Any CPU
		{1FFFCC24-1637-4416-9078-CD22D443D7E2}.Debug|Any CPU.Build.0 = Debug|Any CPU
		{1FFFCC24-1637-4416-9078-CD22D443D7E2}.Release|Any CPU.ActiveCfg = Release|Any CPU
		{1FFFCC24-1637-4416-9078-CD22D443D7E2}.Release|Any CPU.Build.0 = Release|Any CPU
		{3E5F3542-78AE-4F6D-BF61-6E46F70D1939}.Debug|Any CPU.ActiveCfg = Debug|Any CPU
		{3E5F3542-78AE-4F6D-BF61-6E46F70D1939}.Debug|Any CPU.Build.0 = Debug|Any CPU
		{3E5F3542-78AE-4F6D-BF61-6E46F70D1939}.Release|Any CPU.ActiveCfg = Release|Any CPU
		{3E5F3542-78AE-4F6D-BF61-6E46F70D1939}.Release|Any CPU.Build.0 = Release|Any CPU
	EndGlobalSection
	GlobalSection(SolutionProperties) = preSolution
		HideSolutionNode = FALSE
	EndGlobalSection
	GlobalSection(NestedProjects) = preSolution
		{1848F835-C5E4-40DF-A840-38CE4C518813} = {B49A561C-73BB-4FE4-98A4-2AA6BE058DEB}
		{2DAF3FFC-3384-408F-BBF6-E72DDC811E15} = {B49A561C-73BB-4FE4-98A4-2AA6BE058DEB}
		{6BE95F48-F362-4DEE-B390-37E6E3830FEC} = {1848F835-C5E4-40DF-A840-38CE4C518813}
		{10C4A2BE-BEFE-4568-BBB2-D52BD7BFD704} = {1F663CA6-3970-4075-B315-7FC66DBADBBB}
		{A2C2D9E0-B85F-4223-BE0E-537E574699AB} = {1F663CA6-3970-4075-B315-7FC66DBADBBB}
		{DCB5B81E-1F14-49F4-8D00-1BBDE5E59A6B} = {2DAF3FFC-3384-408F-BBF6-E72DDC811E15}
		{326B692A-3C3E-45ED-A67A-3286D542E76E} = {2DAF3FFC-3384-408F-BBF6-E72DDC811E15}
		{8D907202-9A39-42C2-AD06-011F3F2D977D} = {2DAF3FFC-3384-408F-BBF6-E72DDC811E15}
		{1FFFCC24-1637-4416-9078-CD22D443D7E2} = {2DAF3FFC-3384-408F-BBF6-E72DDC811E15}
	EndGlobalSection
	GlobalSection(ExtensibilityGlobals) = postSolution
		SolutionGuid = {B9336830-F083-4A65-816A-E2C241E67106}
	EndGlobalSection
EndGlobal
